
Microsoft Visual Studio Solution File, Format Version 12.00
# Visual Studio Version 17
VisualStudioVersion = 17.6.33723.286
MinimumVisualStudioVersion = 10.0.40219.1
Project("{9A19103F-16F7-4668-BE54-9A1E7A4F7556}") = "DiscordBot", "DiscordBot\DiscordBot.csproj", "{E25B79A5-64BE-40D7-BBBB-07540B10791C}"
EndProject
Project("{9A19103F-16F7-4668-BE54-9A1E7A4F7556}") = "DiscordBotLog", "DiscordBotLog\DiscordBotLog.csproj", "{CD284634-78C0-45FC-A7E4-2CC5C1DE1991}"
EndProject
Project("{9A19103F-16F7-4668-BE54-9A1E7A4F7556}") = "Data", "Data\Data.csproj", "{831A75DD-D2AD-4EAE-9970-2F42FF88214A}"
EndProject
Project("{FAE04EC0-301F-11D3-BF4B-00C04F79EFBC}") = "Core", "Core\Core.csproj", "{75356464-236F-4C88-A095-B19A7F1795E3}"
EndProject
Global
	GlobalSection(SolutionConfigurationPlatforms) = preSolution
		Debug|Any CPU = Debug|Any CPU
		Release|Any CPU = Release|Any CPU
	EndGlobalSection
	GlobalSection(ProjectConfigurationPlatforms) = postSolution
		{E25B79A5-64BE-40D7-BBBB-07540B10791C}.Debug|Any CPU.ActiveCfg = Debug|Any CPU
		{E25B79A5-64BE-40D7-BBBB-07540B10791C}.Debug|Any CPU.Build.0 = Debug|Any CPU
		{E25B79A5-64BE-40D7-BBBB-07540B10791C}.Release|Any CPU.ActiveCfg = Release|Any CPU
		{E25B79A5-64BE-40D7-BBBB-07540B10791C}.Release|Any CPU.Build.0 = Release|Any CPU
		{CD284634-78C0-45FC-A7E4-2CC5C1DE1991}.Debug|Any CPU.ActiveCfg = Debug|Any CPU
		{CD284634-78C0-45FC-A7E4-2CC5C1DE1991}.Debug|Any CPU.Build.0 = Debug|Any CPU
		{CD284634-78C0-45FC-A7E4-2CC5C1DE1991}.Release|Any CPU.ActiveCfg = Release|Any CPU
		{CD284634-78C0-45FC-A7E4-2CC5C1DE1991}.Release|Any CPU.Build.0 = Release|Any CPU
		{831A75DD-D2AD-4EAE-9970-2F42FF88214A}.Debug|Any CPU.ActiveCfg = Debug|Any CPU
		{831A75DD-D2AD-4EAE-9970-2F42FF88214A}.Debug|Any CPU.Build.0 = Debug|Any CPU
		{831A75DD-D2AD-4EAE-9970-2F42FF88214A}.Release|Any CPU.ActiveCfg = Release|Any CPU
		{831A75DD-D2AD-4EAE-9970-2F42FF88214A}.Release|Any CPU.Build.0 = Release|Any CPU
		{75356464-236F-4C88-A095-B19A7F1795E3}.Debug|Any CPU.ActiveCfg = Debug|Any CPU
		{75356464-236F-4C88-A095-B19A7F1795E3}.Debug|Any CPU.Build.0 = Debug|Any CPU
		{75356464-236F-4C88-A095-B19A7F1795E3}.Release|Any CPU.ActiveCfg = Release|Any CPU
		{75356464-236F-4C88-A095-B19A7F1795E3}.Release|Any CPU.Build.0 = Release|Any CPU
	EndGlobalSection
	GlobalSection(SolutionProperties) = preSolution
		HideSolutionNode = FALSE
	EndGlobalSection
	GlobalSection(ExtensibilityGlobals) = postSolution
		SolutionGuid = {262F06FA-6982-4F4A-AE8F-6E92E34AE600}
	EndGlobalSection
EndGlobal
